
Microsoft Visual Studio Solution File, Format Version 12.00
# Visual Studio 15
VisualStudioVersion = 15.0.27428.2037
MinimumVisualStudioVersion = 10.0.40219.1
Project("{FAE04EC0-301F-11D3-BF4B-00C04F79EFBC}") = "KRDAspNetCore", "KRDAspNetCore\KRDAspNetCore.csproj", "{8F392B71-3A94-41B7-9D88-76016B4B1528}"
EndProject
Global
	GlobalSection(SolutionConfigurationPlatforms) = preSolution
		Debug|Any CPU = Debug|Any CPU
		Release|Any CPU = Release|Any CPU
	EndGlobalSection
	GlobalSection(ProjectConfigurationPlatforms) = postSolution
		{8F392B71-3A94-41B7-9D88-76016B4B1528}.Debug|Any CPU.ActiveCfg = Debug|Any CPU
		{8F392B71-3A94-41B7-9D88-76016B4B1528}.Debug|Any CPU.Build.0 = Debug|Any CPU
		{8F392B71-3A94-41B7-9D88-76016B4B1528}.Release|Any CPU.ActiveCfg = Release|Any CPU
		{8F392B71-3A94-41B7-9D88-76016B4B1528}.Release|Any CPU.Build.0 = Release|Any CPU
	EndGlobalSection
	GlobalSection(SolutionProperties) = preSolution
		HideSolutionNode = FALSE
	EndGlobalSection
	GlobalSection(ExtensibilityGlobals) = postSolution
		SolutionGuid = {7B2BADD8-2060-4648-A3B7-22A8EACAA9C4}
	EndGlobalSection
EndGlobal
